{
  "originHash" : "68c46f602be4a1306d7da45330fb98a6d67155dc4109bed91dd0eae381515c07",
  "pins" : [
    {
      "identity" : "alamofire",
      "kind" : "remoteSourceControl",
      "location" : "https://github.com/Alamofire/Alamofire.git",
      "state" : {
        "revision" : "f455c2975872ccd2d9c81594c658af65716e9b9a",
        "version" : "5.9.1"
      }
    },
    {
      "identity" : "appauth-ios",
      "kind" : "remoteSourceControl",
      "location" : "https://github.com/openid/AppAuth-iOS.git",
      "state" : {
        "revision" : "8c0b028aedf617d6d780d448dc836f7048166d0f",
        "version" : "1.7.4"
      }
    }
  ],
  "version" : 3
}
